
Microsoft Visual Studio Solution File, Format Version 12.00
# Visual Studio Version 17
VisualStudioVersion = 17.9.34728.123
MinimumVisualStudioVersion = 10.0.40219.1
Project("{9A19103F-16F7-4668-BE54-9A1E7A4F7556}") = "luminate-backend", "luminate-backend\luminate-backend.csproj", "{DD8AAB5F-7E9D-4B34-BE9B-E49471ADD348}"
EndProject
Global
	GlobalSection(SolutionConfigurationPlatforms) = preSolution
		Debug|Any CPU = Debug|Any CPU
		Release|Any CPU = Release|Any CPU
	EndGlobalSection
	GlobalSection(ProjectConfigurationPlatforms) = postSolution
		{DD8AAB5F-7E9D-4B34-BE9B-E49471ADD348}.Debug|Any CPU.ActiveCfg = Debug|Any CPU
		{DD8AAB5F-7E9D-4B34-BE9B-E49471ADD348}.Debug|Any CPU.Build.0 = Debug|Any CPU
		{DD8AAB5F-7E9D-4B34-BE9B-E49471ADD348}.Release|Any CPU.ActiveCfg = Release|Any CPU
		{DD8AAB5F-7E9D-4B34-BE9B-E49471ADD348}.Release|Any CPU.Build.0 = Release|Any CPU
	EndGlobalSection
	GlobalSection(SolutionProperties) = preSolution
		HideSolutionNode = FALSE
	EndGlobalSection
	GlobalSection(ExtensibilityGlobals) = postSolution
		SolutionGuid = {1F0DAF4F-54D0-4A90-A7A0-DD121B8C35BE}
	EndGlobalSection
EndGlobal
